
Microsoft Visual Studio Solution File, Format Version 12.00
# Visual Studio Version 17
VisualStudioVersion = 17.4.33213.308
MinimumVisualStudioVersion = 10.0.40219.1
Project("{9A19103F-16F7-4668-BE54-9A1E7A4F7556}") = "UserAPI", "UserAPI\UserAPI.csproj", "{AC9205C4-5E0B-4429-9DEC-C909122160F2}"
EndProject
Project("{9A19103F-16F7-4668-BE54-9A1E7A4F7556}") = "HotelAPI", "HotelAPI\HotelAPI.csproj", "{8883AC88-BD8B-4A71-A4AD-241DC2693116}"
EndProject
Project("{FAE04EC0-301F-11D3-BF4B-00C04F79EFBC}") = "BookingAPI", "BookingAPI\BookingAPI.csproj", "{81998C41-FA2A-4A7D-A135-907D8887CA8D}"
EndProject
Global
	GlobalSection(SolutionConfigurationPlatforms) = preSolution
		Debug|Any CPU = Debug|Any CPU
		Release|Any CPU = Release|Any CPU
	EndGlobalSection
	GlobalSection(ProjectConfigurationPlatforms) = postSolution
		{AC9205C4-5E0B-4429-9DEC-C909122160F2}.Debug|Any CPU.ActiveCfg = Debug|Any CPU
		{AC9205C4-5E0B-4429-9DEC-C909122160F2}.Debug|Any CPU.Build.0 = Debug|Any CPU
		{AC9205C4-5E0B-4429-9DEC-C909122160F2}.Release|Any CPU.ActiveCfg = Release|Any CPU
		{AC9205C4-5E0B-4429-9DEC-C909122160F2}.Release|Any CPU.Build.0 = Release|Any CPU
		{8883AC88-BD8B-4A71-A4AD-241DC2693116}.Debug|Any CPU.ActiveCfg = Debug|Any CPU
		{8883AC88-BD8B-4A71-A4AD-241DC2693116}.Debug|Any CPU.Build.0 = Debug|Any CPU
		{8883AC88-BD8B-4A71-A4AD-241DC2693116}.Release|Any CPU.ActiveCfg = Release|Any CPU
		{8883AC88-BD8B-4A71-A4AD-241DC2693116}.Release|Any CPU.Build.0 = Release|Any CPU
		{81998C41-FA2A-4A7D-A135-907D8887CA8D}.Debug|Any CPU.ActiveCfg = Debug|Any CPU
		{81998C41-FA2A-4A7D-A135-907D8887CA8D}.Debug|Any CPU.Build.0 = Debug|Any CPU
		{81998C41-FA2A-4A7D-A135-907D8887CA8D}.Release|Any CPU.ActiveCfg = Release|Any CPU
		{81998C41-FA2A-4A7D-A135-907D8887CA8D}.Release|Any CPU.Build.0 = Release|Any CPU
	EndGlobalSection
	GlobalSection(SolutionProperties) = preSolution
		HideSolutionNode = FALSE
	EndGlobalSection
	GlobalSection(ExtensibilityGlobals) = postSolution
		SolutionGuid = {8F8960C1-C668-496B-B33E-6FF08524C6C1}
	EndGlobalSection
EndGlobal
